// !$*UTF8*$!
{
	archiveVersion = 1;
	classes = {
	};
	objectVersion = 56;
	objects = {

/* Begin PBXBuildFile section */
		3113FBFC2A150C5400C3AF86 /* AppDelegate.swift in Sources */ = {isa = PBXBuildFile; fileRef = 3113FBFB2A150C5400C3AF86 /* AppDelegate.swift */; };
		3113FBFE2A150C5400C3AF86 /* SceneDelegate.swift in Sources */ = {isa = PBXBuildFile; fileRef = 3113FBFD2A150C5400C3AF86 /* SceneDelegate.swift */; };
		3113FC002A150C5400C3AF86 /* ViewController.swift in Sources */ = {isa = PBXBuildFile; fileRef = 3113FBFF2A150C5400C3AF86 /* ViewController.swift */; };
		3113FC032A150C5400C3AF86 /* Main.storyboard in Resources */ = {isa = PBXBuildFile; fileRef = 3113FC012A150C5400C3AF86 /* Main.storyboard */; };
		3113FC052A150C5500C3AF86 /* Assets.xcassets in Resources */ = {isa = PBXBuildFile; fileRef = 3113FC042A150C5500C3AF86 /* Assets.xcassets */; };
		3113FC082A150C5500C3AF86 /* LaunchScreen.storyboard in Resources */ = {isa = PBXBuildFile; fileRef = 3113FC062A150C5500C3AF86 /* LaunchScreen.storyboard */; };
		3113FC112A15151800C3AF86 /* Constant+Secret.swift in Sources */ = {isa = PBXBuildFile; fileRef = 3113FC102A15151800C3AF86 /* Constant+Secret.swift */; };
		3113FC172A1516B700C3AF86 /* ViewModel.swift in Sources */ = {isa = PBXBuildFile; fileRef = 3113FC162A1516B700C3AF86 /* ViewModel.swift */; };
		3113FC192A1516FA00C3AF86 /* Constant.swift in Sources */ = {isa = PBXBuildFile; fileRef = 3113FC182A1516FA00C3AF86 /* Constant.swift */; };
		3113FC1D2A15220D00C3AF86 /* LoginViewModel.swift in Sources */ = {isa = PBXBuildFile; fileRef = 3113FC1C2A15220D00C3AF86 /* LoginViewModel.swift */; };
		3113FC1F2A15223800C3AF86 /* LoginViewModel+.swift in Sources */ = {isa = PBXBuildFile; fileRef = 3113FC1E2A15223800C3AF86 /* LoginViewModel+.swift */; };
		3113FC212A15225800C3AF86 /* LoginViewController.swift in Sources */ = {isa = PBXBuildFile; fileRef = 3113FC202A15225800C3AF86 /* LoginViewController.swift */; };
		3113FC242A15242700C3AF86 /* LoginService.swift in Sources */ = {isa = PBXBuildFile; fileRef = 3113FC232A15242700C3AF86 /* LoginService.swift */; };
		3113FC262A15254E00C3AF86 /* WindowService.swift in Sources */ = {isa = PBXBuildFile; fileRef = 3113FC252A15254E00C3AF86 /* WindowService.swift */; };
		3113FC322A164FC800C3AF86 /* Then in Frameworks */ = {isa = PBXBuildFile; productRef = 3113FC312A164FC800C3AF86 /* Then */; };
		3113FC352A164FED00C3AF86 /* CombineMoya in Frameworks */ = {isa = PBXBuildFile; productRef = 3113FC342A164FED00C3AF86 /* CombineMoya */; };
		3113FC372A164FED00C3AF86 /* Moya in Frameworks */ = {isa = PBXBuildFile; productRef = 3113FC362A164FED00C3AF86 /* Moya */; };
		3113FC3A2A164FFF00C3AF86 /* SnapKit in Frameworks */ = {isa = PBXBuildFile; productRef = 3113FC392A164FFF00C3AF86 /* SnapKit */; };
		3113FC3D2A16508700C3AF86 /* UIView+.swift in Sources */ = {isa = PBXBuildFile; fileRef = 3113FC3C2A16508700C3AF86 /* UIView+.swift */; };
		3113FC402A1655E000C3AF86 /* KeychainSwift in Frameworks */ = {isa = PBXBuildFile; productRef = 3113FC3F2A1655E000C3AF86 /* KeychainSwift */; };
		3113FC442A1656EC00C3AF86 /* APITargetType.swift in Sources */ = {isa = PBXBuildFile; fileRef = 3113FC432A1656EC00C3AF86 /* APITargetType.swift */; };
		3113FC462A16570300C3AF86 /* APITarget.swift in Sources */ = {isa = PBXBuildFile; fileRef = 3113FC452A16570300C3AF86 /* APITarget.swift */; };
		3113FC482A16571D00C3AF86 /* APIError.swift in Sources */ = {isa = PBXBuildFile; fileRef = 3113FC472A16571D00C3AF86 /* APIError.swift */; };
		3113FC4A2A16573C00C3AF86 /* APIProvider.swift in Sources */ = {isa = PBXBuildFile; fileRef = 3113FC492A16573C00C3AF86 /* APIProvider.swift */; };
		3113FC4C2A16575C00C3AF86 /* APIService.swift in Sources */ = {isa = PBXBuildFile; fileRef = 3113FC4B2A16575C00C3AF86 /* APIService.swift */; };
		3113FC502A1658E300C3AF86 /* Constant+Domain.swift in Sources */ = {isa = PBXBuildFile; fileRef = 3113FC4F2A1658E300C3AF86 /* Constant+Domain.swift */; };
		3113FC542A165D5700C3AF86 /* Publisher+.swift in Sources */ = {isa = PBXBuildFile; fileRef = 3113FC532A165D5700C3AF86 /* Publisher+.swift */; };
		3113FC562A165DD300C3AF86 /* UIControl+.swift in Sources */ = {isa = PBXBuildFile; fileRef = 3113FC552A165DD300C3AF86 /* UIControl+.swift */; };
		3113FC592A16600700C3AF86 /* UIControl+EventPublisher.swift in Sources */ = {isa = PBXBuildFile; fileRef = 3113FC582A16600700C3AF86 /* UIControl+EventPublisher.swift */; };
		3113FC5C2A16687500C3AF86 /* KeyChainStorage.swift in Sources */ = {isa = PBXBuildFile; fileRef = 3113FC5B2A16687500C3AF86 /* KeyChainStorage.swift */; };
		3113FC5E2A16689500C3AF86 /* Constant+Key.swift in Sources */ = {isa = PBXBuildFile; fileRef = 3113FC5D2A16689500C3AF86 /* Constant+Key.swift */; };
		3113FC602A166ADF00C3AF86 /* APITarget+GitHub.swift in Sources */ = {isa = PBXBuildFile; fileRef = 3113FC5F2A166ADF00C3AF86 /* APITarget+GitHub.swift */; };
		3113FC632A166C7800C3AF86 /* GitHubAccessTokenData.swift in Sources */ = {isa = PBXBuildFile; fileRef = 3113FC622A166C7800C3AF86 /* GitHubAccessTokenData.swift */; };
		3113FC652A166F1A00C3AF86 /* APILoggerPlugin.swift in Sources */ = {isa = PBXBuildFile; fileRef = 3113FC642A166F1A00C3AF86 /* APILoggerPlugin.swift */; };
		3113FC6C2A1673FB00C3AF86 /* OptionalProtocol.swift in Sources */ = {isa = PBXBuildFile; fileRef = 3113FC6B2A1673FB00C3AF86 /* OptionalProtocol.swift */; };
		3113FC6F2A1678E600C3AF86 /* SearchUserViewModel.swift in Sources */ = {isa = PBXBuildFile; fileRef = 3113FC6E2A1678E600C3AF86 /* SearchUserViewModel.swift */; };
		3113FC712A16791800C3AF86 /* SearchUserViewModel+.swift in Sources */ = {isa = PBXBuildFile; fileRef = 3113FC702A16791800C3AF86 /* SearchUserViewModel+.swift */; };
		3113FC732A16792C00C3AF86 /* SearchUserViewController.swift in Sources */ = {isa = PBXBuildFile; fileRef = 3113FC722A16792C00C3AF86 /* SearchUserViewController.swift */; };
		3113FC762A167A0C00C3AF86 /* LoginServiceError.swift in Sources */ = {isa = PBXBuildFile; fileRef = 3113FC752A167A0C00C3AF86 /* LoginServiceError.swift */; };
		3113FC792A167AB600C3AF86 /* SystemAlert.swift in Sources */ = {isa = PBXBuildFile; fileRef = 3113FC782A167AB600C3AF86 /* SystemAlert.swift */; };
		3113FC7B2A167ACB00C3AF86 /* SystemAlertAction.swift in Sources */ = {isa = PBXBuildFile; fileRef = 3113FC7A2A167ACB00C3AF86 /* SystemAlertAction.swift */; };
		3113FC7D2A167AEE00C3AF86 /* UIViewController+.swift in Sources */ = {isa = PBXBuildFile; fileRef = 3113FC7C2A167AEE00C3AF86 /* UIViewController+.swift */; };
		3113FC7F2A167B1200C3AF86 /* UIAlertController+.swift in Sources */ = {isa = PBXBuildFile; fileRef = 3113FC7E2A167B1200C3AF86 /* UIAlertController+.swift */; };
		3113FC872A17A3C600C3AF86 /* GitHubUser.swift in Sources */ = {isa = PBXBuildFile; fileRef = 3113FC862A17A3C600C3AF86 /* GitHubUser.swift */; };
		3113FC892A17ADEA00C3AF86 /* GitHubUserList.swift in Sources */ = {isa = PBXBuildFile; fileRef = 3113FC882A17ADEA00C3AF86 /* GitHubUserList.swift */; };
		3113FC8D2A17B68400C3AF86 /* SubscribeCountTracker.swift in Sources */ = {isa = PBXBuildFile; fileRef = 3113FC8C2A17B68400C3AF86 /* SubscribeCountTracker.swift */; };
		3113FC8F2A17B69700C3AF86 /* LoadingTracker.swift in Sources */ = {isa = PBXBuildFile; fileRef = 3113FC8E2A17B69700C3AF86 /* LoadingTracker.swift */; };
		3113FC912A17B71100C3AF86 /* Loadable.swift in Sources */ = {isa = PBXBuildFile; fileRef = 3113FC902A17B71100C3AF86 /* Loadable.swift */; };
		3113FC932A17B72700C3AF86 /* LoadingView.swift in Sources */ = {isa = PBXBuildFile; fileRef = 3113FC922A17B72700C3AF86 /* LoadingView.swift */; };
		3113FC952A17B74C00C3AF86 /* UIActivityIndicatorView+.swift in Sources */ = {isa = PBXBuildFile; fileRef = 3113FC942A17B74C00C3AF86 /* UIActivityIndicatorView+.swift */; };
		3113FC972A17BEFC00C3AF86 /* GitHubUserCell.swift in Sources */ = {isa = PBXBuildFile; fileRef = 3113FC962A17BEFC00C3AF86 /* GitHubUserCell.swift */; };
		3113FC992A17BF2100C3AF86 /* ReusableView.swift in Sources */ = {isa = PBXBuildFile; fileRef = 3113FC982A17BF2100C3AF86 /* ReusableView.swift */; };
		3113FC9B2A17BF4200C3AF86 /* UITableView+.swift in Sources */ = {isa = PBXBuildFile; fileRef = 3113FC9A2A17BF4200C3AF86 /* UITableView+.swift */; };
		3113FC9E2A17C10700C3AF86 /* Kingfisher in Frameworks */ = {isa = PBXBuildFile; productRef = 3113FC9D2A17C10700C3AF86 /* Kingfisher */; };
		3113FCA02A17C11900C3AF86 /* UIImageView+.swift in Sources */ = {isa = PBXBuildFile; fileRef = 3113FC9F2A17C11900C3AF86 /* UIImageView+.swift */; };
		3113FCA22A17D1FF00C3AF86 /* Error+.swift in Sources */ = {isa = PBXBuildFile; fileRef = 3113FCA12A17D1FF00C3AF86 /* Error+.swift */; };
/* End PBXBuildFile section */

/* Begin PBXFileReference section */
		3113FBF82A150C5400C3AF86 /* IlluminareanTest.app */ = {isa = PBXFileReference; explicitFileType = wrapper.application; includeInIndex = 0; path = IlluminareanTest.app; sourceTree = BUILT_PRODUCTS_DIR; };
		3113FBFB2A150C5400C3AF86 /* AppDelegate.swift */ = {isa = PBXFileReference; lastKnownFileType = sourcecode.swift; path = AppDelegate.swift; sourceTree = "<group>"; };
		3113FBFD2A150C5400C3AF86 /* SceneDelegate.swift */ = {isa = PBXFileReference; lastKnownFileType = sourcecode.swift; path = SceneDelegate.swift; sourceTree = "<group>"; };
		3113FBFF2A150C5400C3AF86 /* ViewController.swift */ = {isa = PBXFileReference; lastKnownFileType = sourcecode.swift; path = ViewController.swift; sourceTree = "<group>"; };
		3113FC022A150C5400C3AF86 /* Base */ = {isa = PBXFileReference; lastKnownFileType = file.storyboard; name = Base; path = Base.lproj/Main.storyboard; sourceTree = "<group>"; };
		3113FC042A150C5500C3AF86 /* Assets.xcassets */ = {isa = PBXFileReference; lastKnownFileType = folder.assetcatalog; path = Assets.xcassets; sourceTree = "<group>"; };
		3113FC072A150C5500C3AF86 /* Base */ = {isa = PBXFileReference; lastKnownFileType = file.storyboard; name = Base; path = Base.lproj/LaunchScreen.storyboard; sourceTree = "<group>"; };
		3113FC092A150C5500C3AF86 /* Info.plist */ = {isa = PBXFileReference; lastKnownFileType = text.plist.xml; path = Info.plist; sourceTree = "<group>"; };
		3113FC102A15151800C3AF86 /* Constant+Secret.swift */ = {isa = PBXFileReference; lastKnownFileType = sourcecode.swift; path = "Constant+Secret.swift"; sourceTree = "<group>"; };
		3113FC162A1516B700C3AF86 /* ViewModel.swift */ = {isa = PBXFileReference; lastKnownFileType = sourcecode.swift; path = ViewModel.swift; sourceTree = "<group>"; };
		3113FC182A1516FA00C3AF86 /* Constant.swift */ = {isa = PBXFileReference; lastKnownFileType = sourcecode.swift; path = Constant.swift; sourceTree = "<group>"; };
		3113FC1C2A15220D00C3AF86 /* LoginViewModel.swift */ = {isa = PBXFileReference; lastKnownFileType = sourcecode.swift; path = LoginViewModel.swift; sourceTree = "<group>"; };
		3113FC1E2A15223800C3AF86 /* LoginViewModel+.swift */ = {isa = PBXFileReference; lastKnownFileType = sourcecode.swift; path = "LoginViewModel+.swift"; sourceTree = "<group>"; };
		3113FC202A15225800C3AF86 /* LoginViewController.swift */ = {isa = PBXFileReference; lastKnownFileType = sourcecode.swift; path = LoginViewController.swift; sourceTree = "<group>"; };
		3113FC232A15242700C3AF86 /* LoginService.swift */ = {isa = PBXFileReference; lastKnownFileType = sourcecode.swift; path = LoginService.swift; sourceTree = "<group>"; };
		3113FC252A15254E00C3AF86 /* WindowService.swift */ = {isa = PBXFileReference; lastKnownFileType = sourcecode.swift; path = WindowService.swift; sourceTree = "<group>"; };
		3113FC3C2A16508700C3AF86 /* UIView+.swift */ = {isa = PBXFileReference; lastKnownFileType = sourcecode.swift; path = "UIView+.swift"; sourceTree = "<group>"; };
		3113FC432A1656EC00C3AF86 /* APITargetType.swift */ = {isa = PBXFileReference; lastKnownFileType = sourcecode.swift; path = APITargetType.swift; sourceTree = "<group>"; };
		3113FC452A16570300C3AF86 /* APITarget.swift */ = {isa = PBXFileReference; lastKnownFileType = sourcecode.swift; path = APITarget.swift; sourceTree = "<group>"; };
		3113FC472A16571D00C3AF86 /* APIError.swift */ = {isa = PBXFileReference; lastKnownFileType = sourcecode.swift; path = APIError.swift; sourceTree = "<group>"; };
		3113FC492A16573C00C3AF86 /* APIProvider.swift */ = {isa = PBXFileReference; lastKnownFileType = sourcecode.swift; path = APIProvider.swift; sourceTree = "<group>"; };
		3113FC4B2A16575C00C3AF86 /* APIService.swift */ = {isa = PBXFileReference; lastKnownFileType = sourcecode.swift; path = APIService.swift; sourceTree = "<group>"; };
		3113FC4F2A1658E300C3AF86 /* Constant+Domain.swift */ = {isa = PBXFileReference; lastKnownFileType = sourcecode.swift; path = "Constant+Domain.swift"; sourceTree = "<group>"; };
		3113FC532A165D5700C3AF86 /* Publisher+.swift */ = {isa = PBXFileReference; lastKnownFileType = sourcecode.swift; path = "Publisher+.swift"; sourceTree = "<group>"; };
		3113FC552A165DD300C3AF86 /* UIControl+.swift */ = {isa = PBXFileReference; lastKnownFileType = sourcecode.swift; path = "UIControl+.swift"; sourceTree = "<group>"; };
		3113FC582A16600700C3AF86 /* UIControl+EventPublisher.swift */ = {isa = PBXFileReference; lastKnownFileType = sourcecode.swift; path = "UIControl+EventPublisher.swift"; sourceTree = "<group>"; };
		3113FC5B2A16687500C3AF86 /* KeyChainStorage.swift */ = {isa = PBXFileReference; lastKnownFileType = sourcecode.swift; path = KeyChainStorage.swift; sourceTree = "<group>"; };
		3113FC5D2A16689500C3AF86 /* Constant+Key.swift */ = {isa = PBXFileReference; lastKnownFileType = sourcecode.swift; path = "Constant+Key.swift"; sourceTree = "<group>"; };
		3113FC5F2A166ADF00C3AF86 /* APITarget+GitHub.swift */ = {isa = PBXFileReference; lastKnownFileType = sourcecode.swift; path = "APITarget+GitHub.swift"; sourceTree = "<group>"; };
		3113FC622A166C7800C3AF86 /* GitHubAccessTokenData.swift */ = {isa = PBXFileReference; lastKnownFileType = sourcecode.swift; path = GitHubAccessTokenData.swift; sourceTree = "<group>"; };
		3113FC642A166F1A00C3AF86 /* APILoggerPlugin.swift */ = {isa = PBXFileReference; lastKnownFileType = sourcecode.swift; path = APILoggerPlugin.swift; sourceTree = "<group>"; };
		3113FC6B2A1673FB00C3AF86 /* OptionalProtocol.swift */ = {isa = PBXFileReference; lastKnownFileType = sourcecode.swift; path = OptionalProtocol.swift; sourceTree = "<group>"; };
		3113FC6E2A1678E600C3AF86 /* SearchUserViewModel.swift */ = {isa = PBXFileReference; lastKnownFileType = sourcecode.swift; path = SearchUserViewModel.swift; sourceTree = "<group>"; };
		3113FC702A16791800C3AF86 /* SearchUserViewModel+.swift */ = {isa = PBXFileReference; lastKnownFileType = sourcecode.swift; path = "SearchUserViewModel+.swift"; sourceTree = "<group>"; };
		3113FC722A16792C00C3AF86 /* SearchUserViewController.swift */ = {isa = PBXFileReference; lastKnownFileType = sourcecode.swift; path = SearchUserViewController.swift; sourceTree = "<group>"; };
		3113FC752A167A0C00C3AF86 /* LoginServiceError.swift */ = {isa = PBXFileReference; lastKnownFileType = sourcecode.swift; path = LoginServiceError.swift; sourceTree = "<group>"; };
		3113FC782A167AB600C3AF86 /* SystemAlert.swift */ = {isa = PBXFileReference; lastKnownFileType = sourcecode.swift; path = SystemAlert.swift; sourceTree = "<group>"; };
		3113FC7A2A167ACB00C3AF86 /* SystemAlertAction.swift */ = {isa = PBXFileReference; lastKnownFileType = sourcecode.swift; path = SystemAlertAction.swift; sourceTree = "<group>"; };
		3113FC7C2A167AEE00C3AF86 /* UIViewController+.swift */ = {isa = PBXFileReference; lastKnownFileType = sourcecode.swift; path = "UIViewController+.swift"; sourceTree = "<group>"; };
		3113FC7E2A167B1200C3AF86 /* UIAlertController+.swift */ = {isa = PBXFileReference; lastKnownFileType = sourcecode.swift; path = "UIAlertController+.swift"; sourceTree = "<group>"; };
		3113FC862A17A3C600C3AF86 /* GitHubUser.swift */ = {isa = PBXFileReference; lastKnownFileType = sourcecode.swift; path = GitHubUser.swift; sourceTree = "<group>"; };
		3113FC882A17ADEA00C3AF86 /* GitHubUserList.swift */ = {isa = PBXFileReference; lastKnownFileType = sourcecode.swift; path = GitHubUserList.swift; sourceTree = "<group>"; };
		3113FC8C2A17B68400C3AF86 /* SubscribeCountTracker.swift */ = {isa = PBXFileReference; lastKnownFileType = sourcecode.swift; path = SubscribeCountTracker.swift; sourceTree = "<group>"; };
		3113FC8E2A17B69700C3AF86 /* LoadingTracker.swift */ = {isa = PBXFileReference; lastKnownFileType = sourcecode.swift; path = LoadingTracker.swift; sourceTree = "<group>"; };
		3113FC902A17B71100C3AF86 /* Loadable.swift */ = {isa = PBXFileReference; lastKnownFileType = sourcecode.swift; path = Loadable.swift; sourceTree = "<group>"; };
		3113FC922A17B72700C3AF86 /* LoadingView.swift */ = {isa = PBXFileReference; lastKnownFileType = sourcecode.swift; path = LoadingView.swift; sourceTree = "<group>"; };
		3113FC942A17B74C00C3AF86 /* UIActivityIndicatorView+.swift */ = {isa = PBXFileReference; lastKnownFileType = sourcecode.swift; path = "UIActivityIndicatorView+.swift"; sourceTree = "<group>"; };
		3113FC962A17BEFC00C3AF86 /* GitHubUserCell.swift */ = {isa = PBXFileReference; lastKnownFileType = sourcecode.swift; path = GitHubUserCell.swift; sourceTree = "<group>"; };
		3113FC982A17BF2100C3AF86 /* ReusableView.swift */ = {isa = PBXFileReference; lastKnownFileType = sourcecode.swift; path = ReusableView.swift; sourceTree = "<group>"; };
		3113FC9A2A17BF4200C3AF86 /* UITableView+.swift */ = {isa = PBXFileReference; lastKnownFileType = sourcecode.swift; path = "UITableView+.swift"; sourceTree = "<group>"; };
		3113FC9F2A17C11900C3AF86 /* UIImageView+.swift */ = {isa = PBXFileReference; lastKnownFileType = sourcecode.swift; path = "UIImageView+.swift"; sourceTree = "<group>"; };
		3113FCA12A17D1FF00C3AF86 /* Error+.swift */ = {isa = PBXFileReference; lastKnownFileType = sourcecode.swift; path = "Error+.swift"; sourceTree = "<group>"; };
/* End PBXFileReference section */

/* Begin PBXFrameworksBuildPhase section */
		3113FBF52A150C5400C3AF86 /* Frameworks */ = {
			isa = PBXFrameworksBuildPhase;
			buildActionMask = 2147483647;
			files = (
				3113FC9E2A17C10700C3AF86 /* Kingfisher in Frameworks */,
				3113FC352A164FED00C3AF86 /* CombineMoya in Frameworks */,
				3113FC3A2A164FFF00C3AF86 /* SnapKit in Frameworks */,
				3113FC402A1655E000C3AF86 /* KeychainSwift in Frameworks */,
				3113FC322A164FC800C3AF86 /* Then in Frameworks */,
				3113FC372A164FED00C3AF86 /* Moya in Frameworks */,
			);
			runOnlyForDeploymentPostprocessing = 0;
		};
/* End PBXFrameworksBuildPhase section */

/* Begin PBXGroup section */
		3113FBEF2A150C5400C3AF86 = {
			isa = PBXGroup;
			children = (
				3113FBFA2A150C5400C3AF86 /* IlluminareanTest */,
				3113FBF92A150C5400C3AF86 /* Products */,
			);
			sourceTree = "<group>";
		};
		3113FBF92A150C5400C3AF86 /* Products */ = {
			isa = PBXGroup;
			children = (
				3113FBF82A150C5400C3AF86 /* IlluminareanTest.app */,
			);
			name = Products;
			sourceTree = "<group>";
		};
		3113FBFA2A150C5400C3AF86 /* IlluminareanTest */ = {
			isa = PBXGroup;
			children = (
				3113FC092A150C5500C3AF86 /* Info.plist */,
				3113FC142A15166800C3AF86 /* App */,
				3113FC0F2A15150C00C3AF86 /* Constant */,
				3113FC3B2A16507700C3AF86 /* Extension */,
				3113FC572A165FD800C3AF86 /* Publisher */,
				3113FC5A2A16685F00C3AF86 /* Storage */,
				3113FC152A1516B000C3AF86 /* Base */,
				3113FC412A1656CA00C3AF86 /* API */,
				3113FC222A15241900C3AF86 /* Service */,
				3113FC1A2A1521F300C3AF86 /* Screen */,
				3113FC662A16719C00C3AF86 /* Protocol */,
				3113FC612A166C5400C3AF86 /* Model */,
			);
			path = IlluminareanTest;
			sourceTree = "<group>";
		};
		3113FC0F2A15150C00C3AF86 /* Constant */ = {
			isa = PBXGroup;
			children = (
				3113FC182A1516FA00C3AF86 /* Constant.swift */,
				3113FC102A15151800C3AF86 /* Constant+Secret.swift */,
				3113FC4F2A1658E300C3AF86 /* Constant+Domain.swift */,
				3113FC5D2A16689500C3AF86 /* Constant+Key.swift */,
			);
			path = Constant;
			sourceTree = "<group>";
		};
		3113FC142A15166800C3AF86 /* App */ = {
			isa = PBXGroup;
			children = (
				3113FBFB2A150C5400C3AF86 /* AppDelegate.swift */,
				3113FBFD2A150C5400C3AF86 /* SceneDelegate.swift */,
				3113FBFF2A150C5400C3AF86 /* ViewController.swift */,
				3113FC012A150C5400C3AF86 /* Main.storyboard */,
				3113FC042A150C5500C3AF86 /* Assets.xcassets */,
				3113FC062A150C5500C3AF86 /* LaunchScreen.storyboard */,
			);
			path = App;
			sourceTree = "<group>";
		};
		3113FC152A1516B000C3AF86 /* Base */ = {
			isa = PBXGroup;
			children = (
				3113FC162A1516B700C3AF86 /* ViewModel.swift */,
			);
			path = Base;
			sourceTree = "<group>";
		};
		3113FC1A2A1521F300C3AF86 /* Screen */ = {
			isa = PBXGroup;
			children = (
				3113FC6D2A1678D900C3AF86 /* SearchUser */,
				3113FC1B2A15220400C3AF86 /* Login */,
			);
			path = Screen;
			sourceTree = "<group>";
		};
		3113FC1B2A15220400C3AF86 /* Login */ = {
			isa = PBXGroup;
			children = (
				3113FC1C2A15220D00C3AF86 /* LoginViewModel.swift */,
				3113FC1E2A15223800C3AF86 /* LoginViewModel+.swift */,
				3113FC202A15225800C3AF86 /* LoginViewController.swift */,
			);
			path = Login;
			sourceTree = "<group>";
		};
		3113FC222A15241900C3AF86 /* Service */ = {
			isa = PBXGroup;
			children = (
				3113FC742A1679FC00C3AF86 /* Login */,
				3113FC252A15254E00C3AF86 /* WindowService.swift */,
			);
			path = Service;
			sourceTree = "<group>";
		};
		3113FC3B2A16507700C3AF86 /* Extension */ = {
			isa = PBXGroup;
			children = (
				3113FC3C2A16508700C3AF86 /* UIView+.swift */,
				3113FC532A165D5700C3AF86 /* Publisher+.swift */,
				3113FC552A165DD300C3AF86 /* UIControl+.swift */,
				3113FC7C2A167AEE00C3AF86 /* UIViewController+.swift */,
				3113FC7E2A167B1200C3AF86 /* UIAlertController+.swift */,
				3113FC942A17B74C00C3AF86 /* UIActivityIndicatorView+.swift */,
				3113FC9A2A17BF4200C3AF86 /* UITableView+.swift */,
				3113FC9F2A17C11900C3AF86 /* UIImageView+.swift */,
				3113FCA12A17D1FF00C3AF86 /* Error+.swift */,
			);
			path = Extension;
			sourceTree = "<group>";
		};
		3113FC412A1656CA00C3AF86 /* API */ = {
			isa = PBXGroup;
			children = (
				3113FC472A16571D00C3AF86 /* APIError.swift */,
				3113FC492A16573C00C3AF86 /* APIProvider.swift */,
				3113FC4B2A16575C00C3AF86 /* APIService.swift */,
				3113FC642A166F1A00C3AF86 /* APILoggerPlugin.swift */,
				3113FC422A1656D800C3AF86 /* Target */,
			);
			path = API;
			sourceTree = "<group>";
		};
		3113FC422A1656D800C3AF86 /* Target */ = {
			isa = PBXGroup;
			children = (
				3113FC432A1656EC00C3AF86 /* APITargetType.swift */,
				3113FC452A16570300C3AF86 /* APITarget.swift */,
				3113FC5F2A166ADF00C3AF86 /* APITarget+GitHub.swift */,
			);
			path = Target;
			sourceTree = "<group>";
		};
		3113FC572A165FD800C3AF86 /* Publisher */ = {
			isa = PBXGroup;
			children = (
				3113FC582A16600700C3AF86 /* UIControl+EventPublisher.swift */,
				3113FC8C2A17B68400C3AF86 /* SubscribeCountTracker.swift */,
				3113FC8E2A17B69700C3AF86 /* LoadingTracker.swift */,
			);
			path = Publisher;
			sourceTree = "<group>";
		};
		3113FC5A2A16685F00C3AF86 /* Storage */ = {
			isa = PBXGroup;
			children = (
				3113FC5B2A16687500C3AF86 /* KeyChainStorage.swift */,
			);
			path = Storage;
			sourceTree = "<group>";
		};
		3113FC612A166C5400C3AF86 /* Model */ = {
			isa = PBXGroup;
			children = (
				3113FC622A166C7800C3AF86 /* GitHubAccessTokenData.swift */,
				3113FC862A17A3C600C3AF86 /* GitHubUser.swift */,
				3113FC882A17ADEA00C3AF86 /* GitHubUserList.swift */,
				3113FC772A167A9D00C3AF86 /* SystemAlert */,
			);
			path = Model;
			sourceTree = "<group>";
		};
		3113FC662A16719C00C3AF86 /* Protocol */ = {
			isa = PBXGroup;
			children = (
				3113FC6B2A1673FB00C3AF86 /* OptionalProtocol.swift */,
				3113FC982A17BF2100C3AF86 /* ReusableView.swift */,
				3113FC902A17B71100C3AF86 /* Loadable.swift */,
				3113FC922A17B72700C3AF86 /* LoadingView.swift */,
			);
			path = Protocol;
			sourceTree = "<group>";
		};
		3113FC6D2A1678D900C3AF86 /* SearchUser */ = {
			isa = PBXGroup;
			children = (
				3113FC6E2A1678E600C3AF86 /* SearchUserViewModel.swift */,
				3113FC702A16791800C3AF86 /* SearchUserViewModel+.swift */,
				3113FC722A16792C00C3AF86 /* SearchUserViewController.swift */,
				3113FC962A17BEFC00C3AF86 /* GitHubUserCell.swift */,
			);
			path = SearchUser;
			sourceTree = "<group>";
		};
		3113FC742A1679FC00C3AF86 /* Login */ = {
			isa = PBXGroup;
			children = (
				3113FC232A15242700C3AF86 /* LoginService.swift */,
				3113FC752A167A0C00C3AF86 /* LoginServiceError.swift */,
			);
			path = Login;
			sourceTree = "<group>";
		};
		3113FC772A167A9D00C3AF86 /* SystemAlert */ = {
			isa = PBXGroup;
			children = (
				3113FC782A167AB600C3AF86 /* SystemAlert.swift */,
				3113FC7A2A167ACB00C3AF86 /* SystemAlertAction.swift */,
			);
			path = SystemAlert;
			sourceTree = "<group>";
		};
/* End PBXGroup section */

/* Begin PBXNativeTarget section */
		3113FBF72A150C5400C3AF86 /* IlluminareanTest */ = {
			isa = PBXNativeTarget;
			buildConfigurationList = 3113FC0C2A150C5500C3AF86 /* Build configuration list for PBXNativeTarget "IlluminareanTest" */;
			buildPhases = (
				3113FBF42A150C5400C3AF86 /* Sources */,
				3113FBF52A150C5400C3AF86 /* Frameworks */,
				3113FBF62A150C5400C3AF86 /* Resources */,
			);
			buildRules = (
			);
			dependencies = (
			);
			name = IlluminareanTest;
			packageProductDependencies = (
				3113FC312A164FC800C3AF86 /* Then */,
				3113FC342A164FED00C3AF86 /* CombineMoya */,
				3113FC362A164FED00C3AF86 /* Moya */,
				3113FC392A164FFF00C3AF86 /* SnapKit */,
				3113FC3F2A1655E000C3AF86 /* KeychainSwift */,
				3113FC9D2A17C10700C3AF86 /* Kingfisher */,
			);
			productName = IlluminareanTest;
			productReference = 3113FBF82A150C5400C3AF86 /* IlluminareanTest.app */;
			productType = "com.apple.product-type.application";
		};
/* End PBXNativeTarget section */

/* Begin PBXProject section */
		3113FBF02A150C5400C3AF86 /* Project object */ = {
			isa = PBXProject;
			attributes = {
				BuildIndependentTargetsInParallel = 1;
				LastSwiftUpdateCheck = 1430;
				LastUpgradeCheck = 1430;
				TargetAttributes = {
					3113FBF72A150C5400C3AF86 = {
						CreatedOnToolsVersion = 14.3;
					};
				};
			};
			buildConfigurationList = 3113FBF32A150C5400C3AF86 /* Build configuration list for PBXProject "IlluminareanTest" */;
			compatibilityVersion = "Xcode 14.0";
			developmentRegion = en;
			hasScannedForEncodings = 0;
			knownRegions = (
				en,
				Base,
			);
			mainGroup = 3113FBEF2A150C5400C3AF86;
			packageReferences = (
				3113FC302A164FC800C3AF86 /* XCRemoteSwiftPackageReference "Then" */,
				3113FC332A164FED00C3AF86 /* XCRemoteSwiftPackageReference "Moya" */,
				3113FC382A164FFF00C3AF86 /* XCRemoteSwiftPackageReference "SnapKit" */,
				3113FC3E2A1655E000C3AF86 /* XCRemoteSwiftPackageReference "keychain-swift" */,
				3113FC9C2A17C10600C3AF86 /* XCRemoteSwiftPackageReference "Kingfisher" */,
			);
			productRefGroup = 3113FBF92A150C5400C3AF86 /* Products */;
			projectDirPath = "";
			projectRoot = "";
			targets = (
				3113FBF72A150C5400C3AF86 /* IlluminareanTest */,
			);
		};
/* End PBXProject section */

/* Begin PBXResourcesBuildPhase section */
		3113FBF62A150C5400C3AF86 /* Resources */ = {
			isa = PBXResourcesBuildPhase;
			buildActionMask = 2147483647;
			files = (
				3113FC082A150C5500C3AF86 /* LaunchScreen.storyboard in Resources */,
				3113FC052A150C5500C3AF86 /* Assets.xcassets in Resources */,
				3113FC032A150C5400C3AF86 /* Main.storyboard in Resources */,
			);
			runOnlyForDeploymentPostprocessing = 0;
		};
/* End PBXResourcesBuildPhase section */

/* Begin PBXSourcesBuildPhase section */
		3113FBF42A150C5400C3AF86 /* Sources */ = {
			isa = PBXSourcesBuildPhase;
			buildActionMask = 2147483647;
			files = (
				3113FC4C2A16575C00C3AF86 /* APIService.swift in Sources */,
				3113FC652A166F1A00C3AF86 /* APILoggerPlugin.swift in Sources */,
				3113FC3D2A16508700C3AF86 /* UIView+.swift in Sources */,
				3113FC9B2A17BF4200C3AF86 /* UITableView+.swift in Sources */,
				3113FC542A165D5700C3AF86 /* Publisher+.swift in Sources */,
				3113FC4A2A16573C00C3AF86 /* APIProvider.swift in Sources */,
				3113FC212A15225800C3AF86 /* LoginViewController.swift in Sources */,
				3113FC7D2A167AEE00C3AF86 /* UIViewController+.swift in Sources */,
				3113FC1F2A15223800C3AF86 /* LoginViewModel+.swift in Sources */,
				3113FC972A17BEFC00C3AF86 /* GitHubUserCell.swift in Sources */,
				3113FC732A16792C00C3AF86 /* SearchUserViewController.swift in Sources */,
				3113FC7F2A167B1200C3AF86 /* UIAlertController+.swift in Sources */,
				3113FC172A1516B700C3AF86 /* ViewModel.swift in Sources */,
				3113FC792A167AB600C3AF86 /* SystemAlert.swift in Sources */,
				3113FC8F2A17B69700C3AF86 /* LoadingTracker.swift in Sources */,
				3113FC002A150C5400C3AF86 /* ViewController.swift in Sources */,
				3113FC992A17BF2100C3AF86 /* ReusableView.swift in Sources */,
				3113FC7B2A167ACB00C3AF86 /* SystemAlertAction.swift in Sources */,
				3113FC602A166ADF00C3AF86 /* APITarget+GitHub.swift in Sources */,
				3113FC112A15151800C3AF86 /* Constant+Secret.swift in Sources */,
				3113FC952A17B74C00C3AF86 /* UIActivityIndicatorView+.swift in Sources */,
				3113FBFC2A150C5400C3AF86 /* AppDelegate.swift in Sources */,
				3113FCA02A17C11900C3AF86 /* UIImageView+.swift in Sources */,
				3113FC6C2A1673FB00C3AF86 /* OptionalProtocol.swift in Sources */,
				3113FC502A1658E300C3AF86 /* Constant+Domain.swift in Sources */,
				3113FC762A167A0C00C3AF86 /* LoginServiceError.swift in Sources */,
				3113FBFE2A150C5400C3AF86 /* SceneDelegate.swift in Sources */,
				3113FC872A17A3C600C3AF86 /* GitHubUser.swift in Sources */,
				3113FC5E2A16689500C3AF86 /* Constant+Key.swift in Sources */,
				3113FC482A16571D00C3AF86 /* APIError.swift in Sources */,
				3113FC712A16791800C3AF86 /* SearchUserViewModel+.swift in Sources */,
				3113FC932A17B72700C3AF86 /* LoadingView.swift in Sources */,
				3113FC892A17ADEA00C3AF86 /* GitHubUserList.swift in Sources */,
				3113FC562A165DD300C3AF86 /* UIControl+.swift in Sources */,
				3113FCA22A17D1FF00C3AF86 /* Error+.swift in Sources */,
				3113FC8D2A17B68400C3AF86 /* SubscribeCountTracker.swift in Sources */,
				3113FC912A17B71100C3AF86 /* Loadable.swift in Sources */,
				3113FC592A16600700C3AF86 /* UIControl+EventPublisher.swift in Sources */,
				3113FC262A15254E00C3AF86 /* WindowService.swift in Sources */,
				3113FC242A15242700C3AF86 /* LoginService.swift in Sources */,
				3113FC5C2A16687500C3AF86 /* KeyChainStorage.swift in Sources */,
				3113FC632A166C7800C3AF86 /* GitHubAccessTokenData.swift in Sources */,
				3113FC192A1516FA00C3AF86 /* Constant.swift in Sources */,
				3113FC1D2A15220D00C3AF86 /* LoginViewModel.swift in Sources */,
				3113FC6F2A1678E600C3AF86 /* SearchUserViewModel.swift in Sources */,
				3113FC442A1656EC00C3AF86 /* APITargetType.swift in Sources */,
				3113FC462A16570300C3AF86 /* APITarget.swift in Sources */,
			);
			runOnlyForDeploymentPostprocessing = 0;
		};
/* End PBXSourcesBuildPhase section */

/* Begin PBXVariantGroup section */
		3113FC012A150C5400C3AF86 /* Main.storyboard */ = {
			isa = PBXVariantGroup;
			children = (
				3113FC022A150C5400C3AF86 /* Base */,
			);
			name = Main.storyboard;
			sourceTree = "<group>";
		};
		3113FC062A150C5500C3AF86 /* LaunchScreen.storyboard */ = {
			isa = PBXVariantGroup;
			children = (
				3113FC072A150C5500C3AF86 /* Base */,
			);
			name = LaunchScreen.storyboard;
			sourceTree = "<group>";
		};
/* End PBXVariantGroup section */

/* Begin XCBuildConfiguration section */
		3113FC0A2A150C5500C3AF86 /* Debug */ = {
			isa = XCBuildConfiguration;
			buildSettings = {
				ALWAYS_SEARCH_USER_PATHS = NO;
				CLANG_ANALYZER_NONNULL = YES;
				CLANG_ANALYZER_NUMBER_OBJECT_CONVERSION = YES_AGGRESSIVE;
				CLANG_CXX_LANGUAGE_STANDARD = "gnu++20";
				CLANG_ENABLE_MODULES = YES;
				CLANG_ENABLE_OBJC_ARC = YES;
				CLANG_ENABLE_OBJC_WEAK = YES;
				CLANG_WARN_BLOCK_CAPTURE_AUTORELEASING = YES;
				CLANG_WARN_BOOL_CONVERSION = YES;
				CLANG_WARN_COMMA = YES;
				CLANG_WARN_CONSTANT_CONVERSION = YES;
				CLANG_WARN_DEPRECATED_OBJC_IMPLEMENTATIONS = YES;
				CLANG_WARN_DIRECT_OBJC_ISA_USAGE = YES_ERROR;
				CLANG_WARN_DOCUMENTATION_COMMENTS = YES;
				CLANG_WARN_EMPTY_BODY = YES;
				CLANG_WARN_ENUM_CONVERSION = YES;
				CLANG_WARN_INFINITE_RECURSION = YES;
				CLANG_WARN_INT_CONVERSION = YES;
				CLANG_WARN_NON_LITERAL_NULL_CONVERSION = YES;
				CLANG_WARN_OBJC_IMPLICIT_RETAIN_SELF = YES;
				CLANG_WARN_OBJC_LITERAL_CONVERSION = YES;
				CLANG_WARN_OBJC_ROOT_CLASS = YES_ERROR;
				CLANG_WARN_QUOTED_INCLUDE_IN_FRAMEWORK_HEADER = YES;
				CLANG_WARN_RANGE_LOOP_ANALYSIS = YES;
				CLANG_WARN_STRICT_PROTOTYPES = YES;
				CLANG_WARN_SUSPICIOUS_MOVE = YES;
				CLANG_WARN_UNGUARDED_AVAILABILITY = YES_AGGRESSIVE;
				CLANG_WARN_UNREACHABLE_CODE = YES;
				CLANG_WARN__DUPLICATE_METHOD_MATCH = YES;
				COPY_PHASE_STRIP = NO;
				DEBUG_INFORMATION_FORMAT = dwarf;
				ENABLE_STRICT_OBJC_MSGSEND = YES;
				ENABLE_TESTABILITY = YES;
				GCC_C_LANGUAGE_STANDARD = gnu11;
				GCC_DYNAMIC_NO_PIC = NO;
				GCC_NO_COMMON_BLOCKS = YES;
				GCC_OPTIMIZATION_LEVEL = 0;
				GCC_PREPROCESSOR_DEFINITIONS = (
					"DEBUG=1",
					"$(inherited)",
				);
				GCC_WARN_64_TO_32_BIT_CONVERSION = YES;
				GCC_WARN_ABOUT_RETURN_TYPE = YES_ERROR;
				GCC_WARN_UNDECLARED_SELECTOR = YES;
				GCC_WARN_UNINITIALIZED_AUTOS = YES_AGGRESSIVE;
				GCC_WARN_UNUSED_FUNCTION = YES;
				GCC_WARN_UNUSED_VARIABLE = YES;
				IPHONEOS_DEPLOYMENT_TARGET = 16.4;
				MTL_ENABLE_DEBUG_INFO = INCLUDE_SOURCE;
				MTL_FAST_MATH = YES;
				ONLY_ACTIVE_ARCH = YES;
				SDKROOT = iphoneos;
				SWIFT_ACTIVE_COMPILATION_CONDITIONS = DEBUG;
				SWIFT_OPTIMIZATION_LEVEL = "-Onone";
			};
			name = Debug;
		};
		3113FC0B2A150C5500C3AF86 /* Release */ = {
			isa = XCBuildConfiguration;
			buildSettings = {
				ALWAYS_SEARCH_USER_PATHS = NO;
				CLANG_ANALYZER_NONNULL = YES;
				CLANG_ANALYZER_NUMBER_OBJECT_CONVERSION = YES_AGGRESSIVE;
				CLANG_CXX_LANGUAGE_STANDARD = "gnu++20";
				CLANG_ENABLE_MODULES = YES;
				CLANG_ENABLE_OBJC_ARC = YES;
				CLANG_ENABLE_OBJC_WEAK = YES;
				CLANG_WARN_BLOCK_CAPTURE_AUTORELEASING = YES;
				CLANG_WARN_BOOL_CONVERSION = YES;
				CLANG_WARN_COMMA = YES;
				CLANG_WARN_CONSTANT_CONVERSION = YES;
				CLANG_WARN_DEPRECATED_OBJC_IMPLEMENTATIONS = YES;
				CLANG_WARN_DIRECT_OBJC_ISA_USAGE = YES_ERROR;
				CLANG_WARN_DOCUMENTATION_COMMENTS = YES;
				CLANG_WARN_EMPTY_BODY = YES;
				CLANG_WARN_ENUM_CONVERSION = YES;
				CLANG_WARN_INFINITE_RECURSION = YES;
				CLANG_WARN_INT_CONVERSION = YES;
				CLANG_WARN_NON_LITERAL_NULL_CONVERSION = YES;
				CLANG_WARN_OBJC_IMPLICIT_RETAIN_SELF = YES;
				CLANG_WARN_OBJC_LITERAL_CONVERSION = YES;
				CLANG_WARN_OBJC_ROOT_CLASS = YES_ERROR;
				CLANG_WARN_QUOTED_INCLUDE_IN_FRAMEWORK_HEADER = YES;
				CLANG_WARN_RANGE_LOOP_ANALYSIS = YES;
				CLANG_WARN_STRICT_PROTOTYPES = YES;
				CLANG_WARN_SUSPICIOUS_MOVE = YES;
				CLANG_WARN_UNGUARDED_AVAILABILITY = YES_AGGRESSIVE;
				CLANG_WARN_UNREACHABLE_CODE = YES;
				CLANG_WARN__DUPLICATE_METHOD_MATCH = YES;
				COPY_PHASE_STRIP = NO;
				DEBUG_INFORMATION_FORMAT = "dwarf-with-dsym";
				ENABLE_NS_ASSERTIONS = NO;
				ENABLE_STRICT_OBJC_MSGSEND = YES;
				GCC_C_LANGUAGE_STANDARD = gnu11;
				GCC_NO_COMMON_BLOCKS = YES;
				GCC_WARN_64_TO_32_BIT_CONVERSION = YES;
				GCC_WARN_ABOUT_RETURN_TYPE = YES_ERROR;
				GCC_WARN_UNDECLARED_SELECTOR = YES;
				GCC_WARN_UNINITIALIZED_AUTOS = YES_AGGRESSIVE;
				GCC_WARN_UNUSED_FUNCTION = YES;
				GCC_WARN_UNUSED_VARIABLE = YES;
				IPHONEOS_DEPLOYMENT_TARGET = 16.4;
				MTL_ENABLE_DEBUG_INFO = NO;
				MTL_FAST_MATH = YES;
				SDKROOT = iphoneos;
				SWIFT_COMPILATION_MODE = wholemodule;
				SWIFT_OPTIMIZATION_LEVEL = "-O";
				VALIDATE_PRODUCT = YES;
			};
			name = Release;
		};
		3113FC0D2A150C5500C3AF86 /* Debug */ = {
			isa = XCBuildConfiguration;
			buildSettings = {
				ASSETCATALOG_COMPILER_APPICON_NAME = AppIcon;
				ASSETCATALOG_COMPILER_GLOBAL_ACCENT_COLOR_NAME = AccentColor;
				CODE_SIGN_STYLE = Automatic;
				CURRENT_PROJECT_VERSION = 1;
				DEVELOPMENT_TEAM = 3S767N4AG9;
				GENERATE_INFOPLIST_FILE = YES;
				INFOPLIST_FILE = IlluminareanTest/Info.plist;
				INFOPLIST_KEY_UIApplicationSupportsIndirectInputEvents = YES;
				INFOPLIST_KEY_UILaunchStoryboardName = LaunchScreen;
				INFOPLIST_KEY_UIMainStoryboardFile = Main;
				INFOPLIST_KEY_UISupportedInterfaceOrientations_iPad = "UIInterfaceOrientationPortrait UIInterfaceOrientationPortraitUpsideDown UIInterfaceOrientationLandscapeLeft UIInterfaceOrientationLandscapeRight";
				INFOPLIST_KEY_UISupportedInterfaceOrientations_iPhone = "UIInterfaceOrientationPortrait UIInterfaceOrientationLandscapeLeft UIInterfaceOrientationLandscapeRight";
				LD_RUNPATH_SEARCH_PATHS = (
					"$(inherited)",
					"@executable_path/Frameworks",
				);
				MARKETING_VERSION = 1.0;
				PRODUCT_BUNDLE_IDENTIFIER = com.didwndckd.IlluminareanTest;
				PRODUCT_NAME = "$(TARGET_NAME)";
				SWIFT_EMIT_LOC_STRINGS = YES;
				SWIFT_VERSION = 5.0;
				TARGETED_DEVICE_FAMILY = "1,2";
			};
			name = Debug;
		};
		3113FC0E2A150C5500C3AF86 /* Release */ = {
			isa = XCBuildConfiguration;
			buildSettings = {
				ASSETCATALOG_COMPILER_APPICON_NAME = AppIcon;
				ASSETCATALOG_COMPILER_GLOBAL_ACCENT_COLOR_NAME = AccentColor;
				CODE_SIGN_STYLE = Automatic;
				CURRENT_PROJECT_VERSION = 1;
				DEVELOPMENT_TEAM = 3S767N4AG9;
				GENERATE_INFOPLIST_FILE = YES;
				INFOPLIST_FILE = IlluminareanTest/Info.plist;
				INFOPLIST_KEY_UIApplicationSupportsIndirectInputEvents = YES;
				INFOPLIST_KEY_UILaunchStoryboardName = LaunchScreen;
				INFOPLIST_KEY_UIMainStoryboardFile = Main;
				INFOPLIST_KEY_UISupportedInterfaceOrientations_iPad = "UIInterfaceOrientationPortrait UIInterfaceOrientationPortraitUpsideDown UIInterfaceOrientationLandscapeLeft UIInterfaceOrientationLandscapeRight";
				INFOPLIST_KEY_UISupportedInterfaceOrientations_iPhone = "UIInterfaceOrientationPortrait UIInterfaceOrientationLandscapeLeft UIInterfaceOrientationLandscapeRight";
				LD_RUNPATH_SEARCH_PATHS = (
					"$(inherited)",
					"@executable_path/Frameworks",
				);
				MARKETING_VERSION = 1.0;
				PRODUCT_BUNDLE_IDENTIFIER = com.didwndckd.IlluminareanTest;
				PRODUCT_NAME = "$(TARGET_NAME)";
				SWIFT_EMIT_LOC_STRINGS = YES;
				SWIFT_VERSION = 5.0;
				TARGETED_DEVICE_FAMILY = "1,2";
			};
			name = Release;
		};
/* End XCBuildConfiguration section */

/* Begin XCConfigurationList section */
		3113FBF32A150C5400C3AF86 /* Build configuration list for PBXProject "IlluminareanTest" */ = {
			isa = XCConfigurationList;
			buildConfigurations = (
				3113FC0A2A150C5500C3AF86 /* Debug */,
				3113FC0B2A150C5500C3AF86 /* Release */,
			);
			defaultConfigurationIsVisible = 0;
			defaultConfigurationName = Release;
		};
		3113FC0C2A150C5500C3AF86 /* Build configuration list for PBXNativeTarget "IlluminareanTest" */ = {
			isa = XCConfigurationList;
			buildConfigurations = (
				3113FC0D2A150C5500C3AF86 /* Debug */,
				3113FC0E2A150C5500C3AF86 /* Release */,
			);
			defaultConfigurationIsVisible = 0;
			defaultConfigurationName = Release;
		};
/* End XCConfigurationList section */

/* Begin XCRemoteSwiftPackageReference section */
		3113FC302A164FC800C3AF86 /* XCRemoteSwiftPackageReference "Then" */ = {
			isa = XCRemoteSwiftPackageReference;
			repositoryURL = "https://github.com/devxoul/Then.git";
			requirement = {
				kind = upToNextMajorVersion;
				minimumVersion = 3.0.0;
			};
		};
		3113FC332A164FED00C3AF86 /* XCRemoteSwiftPackageReference "Moya" */ = {
			isa = XCRemoteSwiftPackageReference;
			repositoryURL = "https://github.com/Moya/Moya.git";
			requirement = {
				kind = upToNextMajorVersion;
				minimumVersion = 15.0.0;
			};
		};
		3113FC382A164FFF00C3AF86 /* XCRemoteSwiftPackageReference "SnapKit" */ = {
			isa = XCRemoteSwiftPackageReference;
			repositoryURL = "https://github.com/SnapKit/SnapKit.git";
			requirement = {
				kind = upToNextMajorVersion;
				minimumVersion = 5.0.0;
			};
		};
		3113FC3E2A1655E000C3AF86 /* XCRemoteSwiftPackageReference "keychain-swift" */ = {
			isa = XCRemoteSwiftPackageReference;
			repositoryURL = "https://github.com/evgenyneu/keychain-swift.git";
			requirement = {
				kind = upToNextMajorVersion;
				minimumVersion = 20.0.0;
			};
		};
		3113FC9C2A17C10600C3AF86 /* XCRemoteSwiftPackageReference "Kingfisher" */ = {
			isa = XCRemoteSwiftPackageReference;
			repositoryURL = "https://github.com/onevcat/Kingfisher.git";
			requirement = {
				kind = upToNextMajorVersion;
				minimumVersion = 7.0.0;
			};
		};
/* End XCRemoteSwiftPackageReference section */

/* Begin XCSwiftPackageProductDependency section */
		3113FC312A164FC800C3AF86 /* Then */ = {
			isa = XCSwiftPackageProductDependency;
			package = 3113FC302A164FC800C3AF86 /* XCRemoteSwiftPackageReference "Then" */;
			productName = Then;
		};
		3113FC342A164FED00C3AF86 /* CombineMoya */ = {
			isa = XCSwiftPackageProductDependency;
			package = 3113FC332A164FED00C3AF86 /* XCRemoteSwiftPackageReference "Moya" */;
			productName = CombineMoya;
		};
		3113FC362A164FED00C3AF86 /* Moya */ = {
			isa = XCSwiftPackageProductDependency;
			package = 3113FC332A164FED00C3AF86 /* XCRemoteSwiftPackageReference "Moya" */;
			productName = Moya;
		};
		3113FC392A164FFF00C3AF86 /* SnapKit */ = {
			isa = XCSwiftPackageProductDependency;
			package = 3113FC382A164FFF00C3AF86 /* XCRemoteSwiftPackageReference "SnapKit" */;
			productName = SnapKit;
		};
		3113FC3F2A1655E000C3AF86 /* KeychainSwift */ = {
			isa = XCSwiftPackageProductDependency;
			package = 3113FC3E2A1655E000C3AF86 /* XCRemoteSwiftPackageReference "keychain-swift" */;
			productName = KeychainSwift;
		};
		3113FC9D2A17C10700C3AF86 /* Kingfisher */ = {
			isa = XCSwiftPackageProductDependency;
			package = 3113FC9C2A17C10600C3AF86 /* XCRemoteSwiftPackageReference "Kingfisher" */;
			productName = Kingfisher;
		};
/* End XCSwiftPackageProductDependency section */
	};
	rootObject = 3113FBF02A150C5400C3AF86 /* Project object */;
}
