// !$*UTF8*$!
{
	archiveVersion = 1;
	classes = {
	};
	objectVersion = 56;
	objects = {

/* Begin PBXBuildFile section */
		3113FBFC2A150C5400C3AF86 /* AppDelegate.swift in Sources */ = {isa = PBXBuildFile; fileRef = 3113FBFB2A150C5400C3AF86 /* AppDelegate.swift */; };
		3113FBFE2A150C5400C3AF86 /* SceneDelegate.swift in Sources */ = {isa = PBXBuildFile; fileRef = 3113FBFD2A150C5400C3AF86 /* SceneDelegate.swift */; };
		3113FC002A150C5400C3AF86 /* ViewController.swift in Sources */ = {isa = PBXBuildFile; fileRef = 3113FBFF2A150C5400C3AF86 /* ViewController.swift */; };
		3113FC032A150C5400C3AF86 /* Main.storyboard in Resources */ = {isa = PBXBuildFile; fileRef = 3113FC012A150C5400C3AF86 /* Main.storyboard */; };
		3113FC052A150C5500C3AF86 /* Assets.xcassets in Resources */ = {isa = PBXBuildFile; fileRef = 3113FC042A150C5500C3AF86 /* Assets.xcassets */; };
		3113FC082A150C5500C3AF86 /* LaunchScreen.storyboard in Resources */ = {isa = PBXBuildFile; fileRef = 3113FC062A150C5500C3AF86 /* LaunchScreen.storyboard */; };
		3113FC112A15151800C3AF86 /* Constant+Secret.swift in Sources */ = {isa = PBXBuildFile; fileRef = 3113FC102A15151800C3AF86 /* Constant+Secret.swift */; };
		3113FC172A1516B700C3AF86 /* ViewModel.swift in Sources */ = {isa = PBXBuildFile; fileRef = 3113FC162A1516B700C3AF86 /* ViewModel.swift */; };
		3113FC192A1516FA00C3AF86 /* Constant.swift in Sources */ = {isa = PBXBuildFile; fileRef = 3113FC182A1516FA00C3AF86 /* Constant.swift */; };
/* End PBXBuildFile section */

/* Begin PBXFileReference section */
		3113FBF82A150C5400C3AF86 /* IlluminareanTest.app */ = {isa = PBXFileReference; explicitFileType = wrapper.application; includeInIndex = 0; path = IlluminareanTest.app; sourceTree = BUILT_PRODUCTS_DIR; };
		3113FBFB2A150C5400C3AF86 /* AppDelegate.swift */ = {isa = PBXFileReference; lastKnownFileType = sourcecode.swift; path = AppDelegate.swift; sourceTree = "<group>"; };
		3113FBFD2A150C5400C3AF86 /* SceneDelegate.swift */ = {isa = PBXFileReference; lastKnownFileType = sourcecode.swift; path = SceneDelegate.swift; sourceTree = "<group>"; };
		3113FBFF2A150C5400C3AF86 /* ViewController.swift */ = {isa = PBXFileReference; lastKnownFileType = sourcecode.swift; path = ViewController.swift; sourceTree = "<group>"; };
		3113FC022A150C5400C3AF86 /* Base */ = {isa = PBXFileReference; lastKnownFileType = file.storyboard; name = Base; path = Base.lproj/Main.storyboard; sourceTree = "<group>"; };
		3113FC042A150C5500C3AF86 /* Assets.xcassets */ = {isa = PBXFileReference; lastKnownFileType = folder.assetcatalog; path = Assets.xcassets; sourceTree = "<group>"; };
		3113FC072A150C5500C3AF86 /* Base */ = {isa = PBXFileReference; lastKnownFileType = file.storyboard; name = Base; path = Base.lproj/LaunchScreen.storyboard; sourceTree = "<group>"; };
		3113FC092A150C5500C3AF86 /* Info.plist */ = {isa = PBXFileReference; lastKnownFileType = text.plist.xml; path = Info.plist; sourceTree = "<group>"; };
		3113FC102A15151800C3AF86 /* Constant+Secret.swift */ = {isa = PBXFileReference; lastKnownFileType = sourcecode.swift; path = "Constant+Secret.swift"; sourceTree = "<group>"; };
		3113FC162A1516B700C3AF86 /* ViewModel.swift */ = {isa = PBXFileReference; lastKnownFileType = sourcecode.swift; path = ViewModel.swift; sourceTree = "<group>"; };
		3113FC182A1516FA00C3AF86 /* Constant.swift */ = {isa = PBXFileReference; lastKnownFileType = sourcecode.swift; path = Constant.swift; sourceTree = "<group>"; };
/* End PBXFileReference section */

/* Begin PBXFrameworksBuildPhase section */
		3113FBF52A150C5400C3AF86 /* Frameworks */ = {
			isa = PBXFrameworksBuildPhase;
			buildActionMask = 2147483647;
			files = (
			);
			runOnlyForDeploymentPostprocessing = 0;
		};
/* End PBXFrameworksBuildPhase section */

/* Begin PBXGroup section */
		3113FBEF2A150C5400C3AF86 = {
			isa = PBXGroup;
			children = (
				3113FBFA2A150C5400C3AF86 /* IlluminareanTest */,
				3113FBF92A150C5400C3AF86 /* Products */,
			);
			sourceTree = "<group>";
		};
		3113FBF92A150C5400C3AF86 /* Products */ = {
			isa = PBXGroup;
			children = (
				3113FBF82A150C5400C3AF86 /* IlluminareanTest.app */,
			);
			name = Products;
			sourceTree = "<group>";
		};
		3113FBFA2A150C5400C3AF86 /* IlluminareanTest */ = {
			isa = PBXGroup;
			children = (
				3113FC092A150C5500C3AF86 /* Info.plist */,
				3113FC142A15166800C3AF86 /* App */,
				3113FC152A1516B000C3AF86 /* Base */,
				3113FC0F2A15150C00C3AF86 /* Constant */,
			);
			path = IlluminareanTest;
			sourceTree = "<group>";
		};
		3113FC0F2A15150C00C3AF86 /* Constant */ = {
			isa = PBXGroup;
			children = (
				3113FC182A1516FA00C3AF86 /* Constant.swift */,
				3113FC102A15151800C3AF86 /* Constant+Secret.swift */,
			);
			path = Constant;
			sourceTree = "<group>";
		};
		3113FC142A15166800C3AF86 /* App */ = {
			isa = PBXGroup;
			children = (
				3113FBFB2A150C5400C3AF86 /* AppDelegate.swift */,
				3113FBFD2A150C5400C3AF86 /* SceneDelegate.swift */,
				3113FBFF2A150C5400C3AF86 /* ViewController.swift */,
				3113FC012A150C5400C3AF86 /* Main.storyboard */,
				3113FC042A150C5500C3AF86 /* Assets.xcassets */,
				3113FC062A150C5500C3AF86 /* LaunchScreen.storyboard */,
			);
			path = App;
			sourceTree = "<group>";
		};
		3113FC152A1516B000C3AF86 /* Base */ = {
			isa = PBXGroup;
			children = (
				3113FC162A1516B700C3AF86 /* ViewModel.swift */,
			);
			path = Base;
			sourceTree = "<group>";
		};
/* End PBXGroup section */

/* Begin PBXNativeTarget section */
		3113FBF72A150C5400C3AF86 /* IlluminareanTest */ = {
			isa = PBXNativeTarget;
			buildConfigurationList = 3113FC0C2A150C5500C3AF86 /* Build configuration list for PBXNativeTarget "IlluminareanTest" */;
			buildPhases = (
				3113FBF42A150C5400C3AF86 /* Sources */,
				3113FBF52A150C5400C3AF86 /* Frameworks */,
				3113FBF62A150C5400C3AF86 /* Resources */,
			);
			buildRules = (
			);
			dependencies = (
			);
			name = IlluminareanTest;
			productName = IlluminareanTest;
			productReference = 3113FBF82A150C5400C3AF86 /* IlluminareanTest.app */;
			productType = "com.apple.product-type.application";
		};
/* End PBXNativeTarget section */

/* Begin PBXProject section */
		3113FBF02A150C5400C3AF86 /* Project object */ = {
			isa = PBXProject;
			attributes = {
				BuildIndependentTargetsInParallel = 1;
				LastSwiftUpdateCheck = 1430;
				LastUpgradeCheck = 1430;
				TargetAttributes = {
					3113FBF72A150C5400C3AF86 = {
						CreatedOnToolsVersion = 14.3;
					};
				};
			};
			buildConfigurationList = 3113FBF32A150C5400C3AF86 /* Build configuration list for PBXProject "IlluminareanTest" */;
			compatibilityVersion = "Xcode 14.0";
			developmentRegion = en;
			hasScannedForEncodings = 0;
			knownRegions = (
				en,
				Base,
			);
			mainGroup = 3113FBEF2A150C5400C3AF86;
			productRefGroup = 3113FBF92A150C5400C3AF86 /* Products */;
			projectDirPath = "";
			projectRoot = "";
			targets = (
				3113FBF72A150C5400C3AF86 /* IlluminareanTest */,
			);
		};
/* End PBXProject section */

/* Begin PBXResourcesBuildPhase section */
		3113FBF62A150C5400C3AF86 /* Resources */ = {
			isa = PBXResourcesBuildPhase;
			buildActionMask = 2147483647;
			files = (
				3113FC082A150C5500C3AF86 /* LaunchScreen.storyboard in Resources */,
				3113FC052A150C5500C3AF86 /* Assets.xcassets in Resources */,
				3113FC032A150C5400C3AF86 /* Main.storyboard in Resources */,
			);
			runOnlyForDeploymentPostprocessing = 0;
		};
/* End PBXResourcesBuildPhase section */

/* Begin PBXSourcesBuildPhase section */
		3113FBF42A150C5400C3AF86 /* Sources */ = {
			isa = PBXSourcesBuildPhase;
			buildActionMask = 2147483647;
			files = (
				3113FC172A1516B700C3AF86 /* ViewModel.swift in Sources */,
				3113FC002A150C5400C3AF86 /* ViewController.swift in Sources */,
				3113FC112A15151800C3AF86 /* Constant+Secret.swift in Sources */,
				3113FBFC2A150C5400C3AF86 /* AppDelegate.swift in Sources */,
				3113FBFE2A150C5400C3AF86 /* SceneDelegate.swift in Sources */,
				3113FC192A1516FA00C3AF86 /* Constant.swift in Sources */,
			);
			runOnlyForDeploymentPostprocessing = 0;
		};
/* End PBXSourcesBuildPhase section */

/* Begin PBXVariantGroup section */
		3113FC012A150C5400C3AF86 /* Main.storyboard */ = {
			isa = PBXVariantGroup;
			children = (
				3113FC022A150C5400C3AF86 /* Base */,
			);
			name = Main.storyboard;
			sourceTree = "<group>";
		};
		3113FC062A150C5500C3AF86 /* LaunchScreen.storyboard */ = {
			isa = PBXVariantGroup;
			children = (
				3113FC072A150C5500C3AF86 /* Base */,
			);
			name = LaunchScreen.storyboard;
			sourceTree = "<group>";
		};
/* End PBXVariantGroup section */

/* Begin XCBuildConfiguration section */
		3113FC0A2A150C5500C3AF86 /* Debug */ = {
			isa = XCBuildConfiguration;
			buildSettings = {
				ALWAYS_SEARCH_USER_PATHS = NO;
				CLANG_ANALYZER_NONNULL = YES;
				CLANG_ANALYZER_NUMBER_OBJECT_CONVERSION = YES_AGGRESSIVE;
				CLANG_CXX_LANGUAGE_STANDARD = "gnu++20";
				CLANG_ENABLE_MODULES = YES;
				CLANG_ENABLE_OBJC_ARC = YES;
				CLANG_ENABLE_OBJC_WEAK = YES;
				CLANG_WARN_BLOCK_CAPTURE_AUTORELEASING = YES;
				CLANG_WARN_BOOL_CONVERSION = YES;
				CLANG_WARN_COMMA = YES;
				CLANG_WARN_CONSTANT_CONVERSION = YES;
				CLANG_WARN_DEPRECATED_OBJC_IMPLEMENTATIONS = YES;
				CLANG_WARN_DIRECT_OBJC_ISA_USAGE = YES_ERROR;
				CLANG_WARN_DOCUMENTATION_COMMENTS = YES;
				CLANG_WARN_EMPTY_BODY = YES;
				CLANG_WARN_ENUM_CONVERSION = YES;
				CLANG_WARN_INFINITE_RECURSION = YES;
				CLANG_WARN_INT_CONVERSION = YES;
				CLANG_WARN_NON_LITERAL_NULL_CONVERSION = YES;
				CLANG_WARN_OBJC_IMPLICIT_RETAIN_SELF = YES;
				CLANG_WARN_OBJC_LITERAL_CONVERSION = YES;
				CLANG_WARN_OBJC_ROOT_CLASS = YES_ERROR;
				CLANG_WARN_QUOTED_INCLUDE_IN_FRAMEWORK_HEADER = YES;
				CLANG_WARN_RANGE_LOOP_ANALYSIS = YES;
				CLANG_WARN_STRICT_PROTOTYPES = YES;
				CLANG_WARN_SUSPICIOUS_MOVE = YES;
				CLANG_WARN_UNGUARDED_AVAILABILITY = YES_AGGRESSIVE;
				CLANG_WARN_UNREACHABLE_CODE = YES;
				CLANG_WARN__DUPLICATE_METHOD_MATCH = YES;
				COPY_PHASE_STRIP = NO;
				DEBUG_INFORMATION_FORMAT = dwarf;
				ENABLE_STRICT_OBJC_MSGSEND = YES;
				ENABLE_TESTABILITY = YES;
				GCC_C_LANGUAGE_STANDARD = gnu11;
				GCC_DYNAMIC_NO_PIC = NO;
				GCC_NO_COMMON_BLOCKS = YES;
				GCC_OPTIMIZATION_LEVEL = 0;
				GCC_PREPROCESSOR_DEFINITIONS = (
					"DEBUG=1",
					"$(inherited)",
				);
				GCC_WARN_64_TO_32_BIT_CONVERSION = YES;
				GCC_WARN_ABOUT_RETURN_TYPE = YES_ERROR;
				GCC_WARN_UNDECLARED_SELECTOR = YES;
				GCC_WARN_UNINITIALIZED_AUTOS = YES_AGGRESSIVE;
				GCC_WARN_UNUSED_FUNCTION = YES;
				GCC_WARN_UNUSED_VARIABLE = YES;
				IPHONEOS_DEPLOYMENT_TARGET = 16.4;
				MTL_ENABLE_DEBUG_INFO = INCLUDE_SOURCE;
				MTL_FAST_MATH = YES;
				ONLY_ACTIVE_ARCH = YES;
				SDKROOT = iphoneos;
				SWIFT_ACTIVE_COMPILATION_CONDITIONS = DEBUG;
				SWIFT_OPTIMIZATION_LEVEL = "-Onone";
			};
			name = Debug;
		};
		3113FC0B2A150C5500C3AF86 /* Release */ = {
			isa = XCBuildConfiguration;
			buildSettings = {
				ALWAYS_SEARCH_USER_PATHS = NO;
				CLANG_ANALYZER_NONNULL = YES;
				CLANG_ANALYZER_NUMBER_OBJECT_CONVERSION = YES_AGGRESSIVE;
				CLANG_CXX_LANGUAGE_STANDARD = "gnu++20";
				CLANG_ENABLE_MODULES = YES;
				CLANG_ENABLE_OBJC_ARC = YES;
				CLANG_ENABLE_OBJC_WEAK = YES;
				CLANG_WARN_BLOCK_CAPTURE_AUTORELEASING = YES;
				CLANG_WARN_BOOL_CONVERSION = YES;
				CLANG_WARN_COMMA = YES;
				CLANG_WARN_CONSTANT_CONVERSION = YES;
				CLANG_WARN_DEPRECATED_OBJC_IMPLEMENTATIONS = YES;
				CLANG_WARN_DIRECT_OBJC_ISA_USAGE = YES_ERROR;
				CLANG_WARN_DOCUMENTATION_COMMENTS = YES;
				CLANG_WARN_EMPTY_BODY = YES;
				CLANG_WARN_ENUM_CONVERSION = YES;
				CLANG_WARN_INFINITE_RECURSION = YES;
				CLANG_WARN_INT_CONVERSION = YES;
				CLANG_WARN_NON_LITERAL_NULL_CONVERSION = YES;
				CLANG_WARN_OBJC_IMPLICIT_RETAIN_SELF = YES;
				CLANG_WARN_OBJC_LITERAL_CONVERSION = YES;
				CLANG_WARN_OBJC_ROOT_CLASS = YES_ERROR;
				CLANG_WARN_QUOTED_INCLUDE_IN_FRAMEWORK_HEADER = YES;
				CLANG_WARN_RANGE_LOOP_ANALYSIS = YES;
				CLANG_WARN_STRICT_PROTOTYPES = YES;
				CLANG_WARN_SUSPICIOUS_MOVE = YES;
				CLANG_WARN_UNGUARDED_AVAILABILITY = YES_AGGRESSIVE;
				CLANG_WARN_UNREACHABLE_CODE = YES;
				CLANG_WARN__DUPLICATE_METHOD_MATCH = YES;
				COPY_PHASE_STRIP = NO;
				DEBUG_INFORMATION_FORMAT = "dwarf-with-dsym";
				ENABLE_NS_ASSERTIONS = NO;
				ENABLE_STRICT_OBJC_MSGSEND = YES;
				GCC_C_LANGUAGE_STANDARD = gnu11;
				GCC_NO_COMMON_BLOCKS = YES;
				GCC_WARN_64_TO_32_BIT_CONVERSION = YES;
				GCC_WARN_ABOUT_RETURN_TYPE = YES_ERROR;
				GCC_WARN_UNDECLARED_SELECTOR = YES;
				GCC_WARN_UNINITIALIZED_AUTOS = YES_AGGRESSIVE;
				GCC_WARN_UNUSED_FUNCTION = YES;
				GCC_WARN_UNUSED_VARIABLE = YES;
				IPHONEOS_DEPLOYMENT_TARGET = 16.4;
				MTL_ENABLE_DEBUG_INFO = NO;
				MTL_FAST_MATH = YES;
				SDKROOT = iphoneos;
				SWIFT_COMPILATION_MODE = wholemodule;
				SWIFT_OPTIMIZATION_LEVEL = "-O";
				VALIDATE_PRODUCT = YES;
			};
			name = Release;
		};
		3113FC0D2A150C5500C3AF86 /* Debug */ = {
			isa = XCBuildConfiguration;
			buildSettings = {
				ASSETCATALOG_COMPILER_APPICON_NAME = AppIcon;
				ASSETCATALOG_COMPILER_GLOBAL_ACCENT_COLOR_NAME = AccentColor;
				CODE_SIGN_STYLE = Automatic;
				CURRENT_PROJECT_VERSION = 1;
				DEVELOPMENT_TEAM = 3S767N4AG9;
				GENERATE_INFOPLIST_FILE = YES;
				INFOPLIST_FILE = IlluminareanTest/Info.plist;
				INFOPLIST_KEY_UIApplicationSupportsIndirectInputEvents = YES;
				INFOPLIST_KEY_UILaunchStoryboardName = LaunchScreen;
				INFOPLIST_KEY_UIMainStoryboardFile = Main;
				INFOPLIST_KEY_UISupportedInterfaceOrientations_iPad = "UIInterfaceOrientationPortrait UIInterfaceOrientationPortraitUpsideDown UIInterfaceOrientationLandscapeLeft UIInterfaceOrientationLandscapeRight";
				INFOPLIST_KEY_UISupportedInterfaceOrientations_iPhone = "UIInterfaceOrientationPortrait UIInterfaceOrientationLandscapeLeft UIInterfaceOrientationLandscapeRight";
				LD_RUNPATH_SEARCH_PATHS = (
					"$(inherited)",
					"@executable_path/Frameworks",
				);
				MARKETING_VERSION = 1.0;
				PRODUCT_BUNDLE_IDENTIFIER = com.didwndckd.IlluminareanTest;
				PRODUCT_NAME = "$(TARGET_NAME)";
				SWIFT_EMIT_LOC_STRINGS = YES;
				SWIFT_VERSION = 5.0;
				TARGETED_DEVICE_FAMILY = "1,2";
			};
			name = Debug;
		};
		3113FC0E2A150C5500C3AF86 /* Release */ = {
			isa = XCBuildConfiguration;
			buildSettings = {
				ASSETCATALOG_COMPILER_APPICON_NAME = AppIcon;
				ASSETCATALOG_COMPILER_GLOBAL_ACCENT_COLOR_NAME = AccentColor;
				CODE_SIGN_STYLE = Automatic;
				CURRENT_PROJECT_VERSION = 1;
				DEVELOPMENT_TEAM = 3S767N4AG9;
				GENERATE_INFOPLIST_FILE = YES;
				INFOPLIST_FILE = IlluminareanTest/Info.plist;
				INFOPLIST_KEY_UIApplicationSupportsIndirectInputEvents = YES;
				INFOPLIST_KEY_UILaunchStoryboardName = LaunchScreen;
				INFOPLIST_KEY_UIMainStoryboardFile = Main;
				INFOPLIST_KEY_UISupportedInterfaceOrientations_iPad = "UIInterfaceOrientationPortrait UIInterfaceOrientationPortraitUpsideDown UIInterfaceOrientationLandscapeLeft UIInterfaceOrientationLandscapeRight";
				INFOPLIST_KEY_UISupportedInterfaceOrientations_iPhone = "UIInterfaceOrientationPortrait UIInterfaceOrientationLandscapeLeft UIInterfaceOrientationLandscapeRight";
				LD_RUNPATH_SEARCH_PATHS = (
					"$(inherited)",
					"@executable_path/Frameworks",
				);
				MARKETING_VERSION = 1.0;
				PRODUCT_BUNDLE_IDENTIFIER = com.didwndckd.IlluminareanTest;
				PRODUCT_NAME = "$(TARGET_NAME)";
				SWIFT_EMIT_LOC_STRINGS = YES;
				SWIFT_VERSION = 5.0;
				TARGETED_DEVICE_FAMILY = "1,2";
			};
			name = Release;
		};
/* End XCBuildConfiguration section */

/* Begin XCConfigurationList section */
		3113FBF32A150C5400C3AF86 /* Build configuration list for PBXProject "IlluminareanTest" */ = {
			isa = XCConfigurationList;
			buildConfigurations = (
				3113FC0A2A150C5500C3AF86 /* Debug */,
				3113FC0B2A150C5500C3AF86 /* Release */,
			);
			defaultConfigurationIsVisible = 0;
			defaultConfigurationName = Release;
		};
		3113FC0C2A150C5500C3AF86 /* Build configuration list for PBXNativeTarget "IlluminareanTest" */ = {
			isa = XCConfigurationList;
			buildConfigurations = (
				3113FC0D2A150C5500C3AF86 /* Debug */,
				3113FC0E2A150C5500C3AF86 /* Release */,
			);
			defaultConfigurationIsVisible = 0;
			defaultConfigurationName = Release;
		};
/* End XCConfigurationList section */
	};
	rootObject = 3113FBF02A150C5400C3AF86 /* Project object */;
}
